
Microsoft Visual Studio Solution File, Format Version 12.00
# Visual Studio 15
VisualStudioVersion = 15.0.27004.2002
MinimumVisualStudioVersion = 10.0.40219.1
Project("{FAE04EC0-301F-11D3-BF4B-00C04F79EFBC}") = "AzureDeviceClient.Android", "AzureDeviceClient\AzureDeviceClient.Android\AzureDeviceClient.Android.csproj", "{758C6273-91EB-4065-BF50-1B1ABE0C986B}"
EndProject
Project("{9A19103F-16F7-4668-BE54-9A1E7A4F7556}") = "AzureDeviceClient", "AzureDeviceClient\AzureDeviceClient\AzureDeviceClient.csproj", "{A280ECD7-8397-44CE-B0EF-E6B484E6ED4A}"
EndProject
Project("{FAE04EC0-301F-11D3-BF4B-00C04F79EFBC}") = "OldReactiveUI", "OldReactiveUI\OldReactiveUI.csproj", "{4418FF63-756D-48E2-A2A3-14457BA824B2}"
EndProject
Project("{FAE04EC0-301F-11D3-BF4B-00C04F79EFBC}") = "OldRxUI.PCL", "OldRxUI.PCL\OldRxUI.PCL.csproj", "{FAC7F2B9-ED99-46F3-93F7-AD2636300933}"
EndProject
Project("{FAE04EC0-301F-11D3-BF4B-00C04F79EFBC}") = "FreshLonelyAndroidProject", "FreshLonelyAndroidProject\FreshLonelyAndroidProject.csproj", "{F634B494-41F9-471D-8282-98AE30BA215B}"
EndProject
Global
	GlobalSection(SolutionConfigurationPlatforms) = preSolution
		Ad-Hoc|Any CPU = Ad-Hoc|Any CPU
		Ad-Hoc|ARM = Ad-Hoc|ARM
		Ad-Hoc|iPhone = Ad-Hoc|iPhone
		Ad-Hoc|iPhoneSimulator = Ad-Hoc|iPhoneSimulator
		Ad-Hoc|x64 = Ad-Hoc|x64
		Ad-Hoc|x86 = Ad-Hoc|x86
		AppStore|Any CPU = AppStore|Any CPU
		AppStore|ARM = AppStore|ARM
		AppStore|iPhone = AppStore|iPhone
		AppStore|iPhoneSimulator = AppStore|iPhoneSimulator
		AppStore|x64 = AppStore|x64
		AppStore|x86 = AppStore|x86
		Debug|Any CPU = Debug|Any CPU
		Debug|ARM = Debug|ARM
		Debug|iPhone = Debug|iPhone
		Debug|iPhoneSimulator = Debug|iPhoneSimulator
		Debug|x64 = Debug|x64
		Debug|x86 = Debug|x86
		Release|Any CPU = Release|Any CPU
		Release|ARM = Release|ARM
		Release|iPhone = Release|iPhone
		Release|iPhoneSimulator = Release|iPhoneSimulator
		Release|x64 = Release|x64
		Release|x86 = Release|x86
	EndGlobalSection
	GlobalSection(ProjectConfigurationPlatforms) = postSolution
		{758C6273-91EB-4065-BF50-1B1ABE0C986B}.Ad-Hoc|Any CPU.ActiveCfg = Release|Any CPU
		{758C6273-91EB-4065-BF50-1B1ABE0C986B}.Ad-Hoc|Any CPU.Build.0 = Release|Any CPU
		{758C6273-91EB-4065-BF50-1B1ABE0C986B}.Ad-Hoc|Any CPU.Deploy.0 = Release|Any CPU
		{758C6273-91EB-4065-BF50-1B1ABE0C986B}.Ad-Hoc|ARM.ActiveCfg = Release|Any CPU
		{758C6273-91EB-4065-BF50-1B1ABE0C986B}.Ad-Hoc|ARM.Build.0 = Release|Any CPU
		{758C6273-91EB-4065-BF50-1B1ABE0C986B}.Ad-Hoc|ARM.Deploy.0 = Release|Any CPU
		{758C6273-91EB-4065-BF50-1B1ABE0C986B}.Ad-Hoc|iPhone.ActiveCfg = Release|Any CPU
		{758C6273-91EB-4065-BF50-1B1ABE0C986B}.Ad-Hoc|iPhone.Build.0 = Release|Any CPU
		{758C6273-91EB-4065-BF50-1B1ABE0C986B}.Ad-Hoc|iPhone.Deploy.0 = Release|Any CPU
		{758C6273-91EB-4065-BF50-1B1ABE0C986B}.Ad-Hoc|iPhoneSimulator.ActiveCfg = Release|Any CPU
		{758C6273-91EB-4065-BF50-1B1ABE0C986B}.Ad-Hoc|iPhoneSimulator.Build.0 = Release|Any CPU
		{758C6273-91EB-4065-BF50-1B1ABE0C986B}.Ad-Hoc|iPhoneSimulator.Deploy.0 = Release|Any CPU
		{758C6273-91EB-4065-BF50-1B1ABE0C986B}.Ad-Hoc|x64.ActiveCfg = Release|Any CPU
		{758C6273-91EB-4065-BF50-1B1ABE0C986B}.Ad-Hoc|x64.Build.0 = Release|Any CPU
		{758C6273-91EB-4065-BF50-1B1ABE0C986B}.Ad-Hoc|x64.Deploy.0 = Release|Any CPU
		{758C6273-91EB-4065-BF50-1B1ABE0C986B}.Ad-Hoc|x86.ActiveCfg = Release|Any CPU
		{758C6273-91EB-4065-BF50-1B1ABE0C986B}.Ad-Hoc|x86.Build.0 = Release|Any CPU
		{758C6273-91EB-4065-BF50-1B1ABE0C986B}.Ad-Hoc|x86.Deploy.0 = Release|Any CPU
		{758C6273-91EB-4065-BF50-1B1ABE0C986B}.AppStore|Any CPU.ActiveCfg = Release|Any CPU
		{758C6273-91EB-4065-BF50-1B1ABE0C986B}.AppStore|Any CPU.Build.0 = Release|Any CPU
		{758C6273-91EB-4065-BF50-1B1ABE0C986B}.AppStore|Any CPU.Deploy.0 = Release|Any CPU
		{758C6273-91EB-4065-BF50-1B1ABE0C986B}.AppStore|ARM.ActiveCfg = Release|Any CPU
		{758C6273-91EB-4065-BF50-1B1ABE0C986B}.AppStore|ARM.Build.0 = Release|Any CPU
		{758C6273-91EB-4065-BF50-1B1ABE0C986B}.AppStore|ARM.Deploy.0 = Release|Any CPU
		{758C6273-91EB-4065-BF50-1B1ABE0C986B}.AppStore|iPhone.ActiveCfg = Release|Any CPU
		{758C6273-91EB-4065-BF50-1B1ABE0C986B}.AppStore|iPhone.Build.0 = Release|Any CPU
		{758C6273-91EB-4065-BF50-1B1ABE0C986B}.AppStore|iPhone.Deploy.0 = Release|Any CPU
		{758C6273-91EB-4065-BF50-1B1ABE0C986B}.AppStore|iPhoneSimulator.ActiveCfg = Release|Any CPU
		{758C6273-91EB-4065-BF50-1B1ABE0C986B}.AppStore|iPhoneSimulator.Build.0 = Release|Any CPU
		{758C6273-91EB-4065-BF50-1B1ABE0C986B}.AppStore|iPhoneSimulator.Deploy.0 = Release|Any CPU
		{758C6273-91EB-4065-BF50-1B1ABE0C986B}.AppStore|x64.ActiveCfg = Release|Any CPU
		{758C6273-91EB-4065-BF50-1B1ABE0C986B}.AppStore|x64.Build.0 = Release|Any CPU
		{758C6273-91EB-4065-BF50-1B1ABE0C986B}.AppStore|x64.Deploy.0 = Release|Any CPU
		{758C6273-91EB-4065-BF50-1B1ABE0C986B}.AppStore|x86.ActiveCfg = Release|Any CPU
		{758C6273-91EB-4065-BF50-1B1ABE0C986B}.AppStore|x86.Build.0 = Release|Any CPU
		{758C6273-91EB-4065-BF50-1B1ABE0C986B}.AppStore|x86.Deploy.0 = Release|Any CPU
		{758C6273-91EB-4065-BF50-1B1ABE0C986B}.Debug|Any CPU.ActiveCfg = Debug|Any CPU
		{758C6273-91EB-4065-BF50-1B1ABE0C986B}.Debug|Any CPU.Build.0 = Debug|Any CPU
		{758C6273-91EB-4065-BF50-1B1ABE0C986B}.Debug|Any CPU.Deploy.0 = Debug|Any CPU
		{758C6273-91EB-4065-BF50-1B1ABE0C986B}.Debug|ARM.ActiveCfg = Debug|Any CPU
		{758C6273-91EB-4065-BF50-1B1ABE0C986B}.Debug|ARM.Build.0 = Debug|Any CPU
		{758C6273-91EB-4065-BF50-1B1ABE0C986B}.Debug|ARM.Deploy.0 = Debug|Any CPU
		{758C6273-91EB-4065-BF50-1B1ABE0C986B}.Debug|iPhone.ActiveCfg = Debug|Any CPU
		{758C6273-91EB-4065-BF50-1B1ABE0C986B}.Debug|iPhone.Build.0 = Debug|Any CPU
		{758C6273-91EB-4065-BF50-1B1ABE0C986B}.Debug|iPhone.Deploy.0 = Debug|Any CPU
		{758C6273-91EB-4065-BF50-1B1ABE0C986B}.Debug|iPhoneSimulator.ActiveCfg = Debug|Any CPU
		{758C6273-91EB-4065-BF50-1B1ABE0C986B}.Debug|iPhoneSimulator.Build.0 = Debug|Any CPU
		{758C6273-91EB-4065-BF50-1B1ABE0C986B}.Debug|iPhoneSimulator.Deploy.0 = Debug|Any CPU
		{758C6273-91EB-4065-BF50-1B1ABE0C986B}.Debug|x64.ActiveCfg = Debug|Any CPU
		{758C6273-91EB-4065-BF50-1B1ABE0C986B}.Debug|x64.Build.0 = Debug|Any CPU
		{758C6273-91EB-4065-BF50-1B1ABE0C986B}.Debug|x64.Deploy.0 = Debug|Any CPU
		{758C6273-91EB-4065-BF50-1B1ABE0C986B}.Debug|x86.ActiveCfg = Debug|Any CPU
		{758C6273-91EB-4065-BF50-1B1ABE0C986B}.Debug|x86.Build.0 = Debug|Any CPU
		{758C6273-91EB-4065-BF50-1B1ABE0C986B}.Debug|x86.Deploy.0 = Debug|Any CPU
		{758C6273-91EB-4065-BF50-1B1ABE0C986B}.Release|Any CPU.ActiveCfg = Release|Any CPU
		{758C6273-91EB-4065-BF50-1B1ABE0C986B}.Release|Any CPU.Build.0 = Release|Any CPU
		{758C6273-91EB-4065-BF50-1B1ABE0C986B}.Release|Any CPU.Deploy.0 = Release|Any CPU
		{758C6273-91EB-4065-BF50-1B1ABE0C986B}.Release|ARM.ActiveCfg = Release|Any CPU
		{758C6273-91EB-4065-BF50-1B1ABE0C986B}.Release|ARM.Build.0 = Release|Any CPU
		{758C6273-91EB-4065-BF50-1B1ABE0C986B}.Release|ARM.Deploy.0 = Release|Any CPU
		{758C6273-91EB-4065-BF50-1B1ABE0C986B}.Release|iPhone.ActiveCfg = Release|Any CPU
		{758C6273-91EB-4065-BF50-1B1ABE0C986B}.Release|iPhone.Build.0 = Release|Any CPU
		{758C6273-91EB-4065-BF50-1B1ABE0C986B}.Release|iPhone.Deploy.0 = Release|Any CPU
		{758C6273-91EB-4065-BF50-1B1ABE0C986B}.Release|iPhoneSimulator.ActiveCfg = Release|Any CPU
		{758C6273-91EB-4065-BF50-1B1ABE0C986B}.Release|iPhoneSimulator.Build.0 = Release|Any CPU
		{758C6273-91EB-4065-BF50-1B1ABE0C986B}.Release|iPhoneSimulator.Deploy.0 = Release|Any CPU
		{758C6273-91EB-4065-BF50-1B1ABE0C986B}.Release|x64.ActiveCfg = Release|Any CPU
		{758C6273-91EB-4065-BF50-1B1ABE0C986B}.Release|x64.Build.0 = Release|Any CPU
		{758C6273-91EB-4065-BF50-1B1ABE0C986B}.Release|x64.Deploy.0 = Release|Any CPU
		{758C6273-91EB-4065-BF50-1B1ABE0C986B}.Release|x86.ActiveCfg = Release|Any CPU
		{758C6273-91EB-4065-BF50-1B1ABE0C986B}.Release|x86.Build.0 = Release|Any CPU
		{758C6273-91EB-4065-BF50-1B1ABE0C986B}.Release|x86.Deploy.0 = Release|Any CPU
		{A280ECD7-8397-44CE-B0EF-E6B484E6ED4A}.Ad-Hoc|Any CPU.ActiveCfg = Release|Any CPU
		{A280ECD7-8397-44CE-B0EF-E6B484E6ED4A}.Ad-Hoc|Any CPU.Build.0 = Release|Any CPU
		{A280ECD7-8397-44CE-B0EF-E6B484E6ED4A}.Ad-Hoc|ARM.ActiveCfg = Release|Any CPU
		{A280ECD7-8397-44CE-B0EF-E6B484E6ED4A}.Ad-Hoc|ARM.Build.0 = Release|Any CPU
		{A280ECD7-8397-44CE-B0EF-E6B484E6ED4A}.Ad-Hoc|iPhone.ActiveCfg = Release|Any CPU
		{A280ECD7-8397-44CE-B0EF-E6B484E6ED4A}.Ad-Hoc|iPhone.Build.0 = Release|Any CPU
		{A280ECD7-8397-44CE-B0EF-E6B484E6ED4A}.Ad-Hoc|iPhoneSimulator.ActiveCfg = Release|Any CPU
		{A280ECD7-8397-44CE-B0EF-E6B484E6ED4A}.Ad-Hoc|iPhoneSimulator.Build.0 = Release|Any CPU
		{A280ECD7-8397-44CE-B0EF-E6B484E6ED4A}.Ad-Hoc|x64.ActiveCfg = Release|Any CPU
		{A280ECD7-8397-44CE-B0EF-E6B484E6ED4A}.Ad-Hoc|x64.Build.0 = Release|Any CPU
		{A280ECD7-8397-44CE-B0EF-E6B484E6ED4A}.Ad-Hoc|x86.ActiveCfg = Release|Any CPU
		{A280ECD7-8397-44CE-B0EF-E6B484E6ED4A}.Ad-Hoc|x86.Build.0 = Release|Any CPU
		{A280ECD7-8397-44CE-B0EF-E6B484E6ED4A}.AppStore|Any CPU.ActiveCfg = Release|Any CPU
		{A280ECD7-8397-44CE-B0EF-E6B484E6ED4A}.AppStore|Any CPU.Build.0 = Release|Any CPU
		{A280ECD7-8397-44CE-B0EF-E6B484E6ED4A}.AppStore|ARM.ActiveCfg = Release|Any CPU
		{A280ECD7-8397-44CE-B0EF-E6B484E6ED4A}.AppStore|ARM.Build.0 = Release|Any CPU
		{A280ECD7-8397-44CE-B0EF-E6B484E6ED4A}.AppStore|iPhone.ActiveCfg = Release|Any CPU
		{A280ECD7-8397-44CE-B0EF-E6B484E6ED4A}.AppStore|iPhone.Build.0 = Release|Any CPU
		{A280ECD7-8397-44CE-B0EF-E6B484E6ED4A}.AppStore|iPhoneSimulator.ActiveCfg = Release|Any CPU
		{A280ECD7-8397-44CE-B0EF-E6B484E6ED4A}.AppStore|iPhoneSimulator.Build.0 = Release|Any CPU
		{A280ECD7-8397-44CE-B0EF-E6B484E6ED4A}.AppStore|x64.ActiveCfg = Release|Any CPU
		{A280ECD7-8397-44CE-B0EF-E6B484E6ED4A}.AppStore|x64.Build.0 = Release|Any CPU
		{A280ECD7-8397-44CE-B0EF-E6B484E6ED4A}.AppStore|x86.ActiveCfg = Release|Any CPU
		{A280ECD7-8397-44CE-B0EF-E6B484E6ED4A}.AppStore|x86.Build.0 = Release|Any CPU
		{A280ECD7-8397-44CE-B0EF-E6B484E6ED4A}.Debug|Any CPU.ActiveCfg = Debug|Any CPU
		{A280ECD7-8397-44CE-B0EF-E6B484E6ED4A}.Debug|Any CPU.Build.0 = Debug|Any CPU
		{A280ECD7-8397-44CE-B0EF-E6B484E6ED4A}.Debug|ARM.ActiveCfg = Debug|Any CPU
		{A280ECD7-8397-44CE-B0EF-E6B484E6ED4A}.Debug|ARM.Build.0 = Debug|Any CPU
		{A280ECD7-8397-44CE-B0EF-E6B484E6ED4A}.Debug|iPhone.ActiveCfg = Debug|Any CPU
		{A280ECD7-8397-44CE-B0EF-E6B484E6ED4A}.Debug|iPhone.Build.0 = Debug|Any CPU
		{A280ECD7-8397-44CE-B0EF-E6B484E6ED4A}.Debug|iPhoneSimulator.ActiveCfg = Debug|Any CPU
		{A280ECD7-8397-44CE-B0EF-E6B484E6ED4A}.Debug|iPhoneSimulator.Build.0 = Debug|Any CPU
		{A280ECD7-8397-44CE-B0EF-E6B484E6ED4A}.Debug|x64.ActiveCfg = Debug|Any CPU
		{A280ECD7-8397-44CE-B0EF-E6B484E6ED4A}.Debug|x64.Build.0 = Debug|Any CPU
		{A280ECD7-8397-44CE-B0EF-E6B484E6ED4A}.Debug|x86.ActiveCfg = Debug|Any CPU
		{A280ECD7-8397-44CE-B0EF-E6B484E6ED4A}.Debug|x86.Build.0 = Debug|Any CPU
		{A280ECD7-8397-44CE-B0EF-E6B484E6ED4A}.Release|Any CPU.ActiveCfg = Release|Any CPU
		{A280ECD7-8397-44CE-B0EF-E6B484E6ED4A}.Release|Any CPU.Build.0 = Release|Any CPU
		{A280ECD7-8397-44CE-B0EF-E6B484E6ED4A}.Release|ARM.ActiveCfg = Release|Any CPU
		{A280ECD7-8397-44CE-B0EF-E6B484E6ED4A}.Release|ARM.Build.0 = Release|Any CPU
		{A280ECD7-8397-44CE-B0EF-E6B484E6ED4A}.Release|iPhone.ActiveCfg = Release|Any CPU
		{A280ECD7-8397-44CE-B0EF-E6B484E6ED4A}.Release|iPhone.Build.0 = Release|Any CPU
		{A280ECD7-8397-44CE-B0EF-E6B484E6ED4A}.Release|iPhoneSimulator.ActiveCfg = Release|Any CPU
		{A280ECD7-8397-44CE-B0EF-E6B484E6ED4A}.Release|iPhoneSimulator.Build.0 = Release|Any CPU
		{A280ECD7-8397-44CE-B0EF-E6B484E6ED4A}.Release|x64.ActiveCfg = Release|Any CPU
		{A280ECD7-8397-44CE-B0EF-E6B484E6ED4A}.Release|x64.Build.0 = Release|Any CPU
		{A280ECD7-8397-44CE-B0EF-E6B484E6ED4A}.Release|x86.ActiveCfg = Release|Any CPU
		{A280ECD7-8397-44CE-B0EF-E6B484E6ED4A}.Release|x86.Build.0 = Release|Any CPU
		{4418FF63-756D-48E2-A2A3-14457BA824B2}.Ad-Hoc|Any CPU.ActiveCfg = Release|Any CPU
		{4418FF63-756D-48E2-A2A3-14457BA824B2}.Ad-Hoc|Any CPU.Build.0 = Release|Any CPU
		{4418FF63-756D-48E2-A2A3-14457BA824B2}.Ad-Hoc|Any CPU.Deploy.0 = Release|Any CPU
		{4418FF63-756D-48E2-A2A3-14457BA824B2}.Ad-Hoc|ARM.ActiveCfg = Release|Any CPU
		{4418FF63-756D-48E2-A2A3-14457BA824B2}.Ad-Hoc|ARM.Build.0 = Release|Any CPU
		{4418FF63-756D-48E2-A2A3-14457BA824B2}.Ad-Hoc|ARM.Deploy.0 = Release|Any CPU
		{4418FF63-756D-48E2-A2A3-14457BA824B2}.Ad-Hoc|iPhone.ActiveCfg = Release|Any CPU
		{4418FF63-756D-48E2-A2A3-14457BA824B2}.Ad-Hoc|iPhone.Build.0 = Release|Any CPU
		{4418FF63-756D-48E2-A2A3-14457BA824B2}.Ad-Hoc|iPhone.Deploy.0 = Release|Any CPU
		{4418FF63-756D-48E2-A2A3-14457BA824B2}.Ad-Hoc|iPhoneSimulator.ActiveCfg = Release|Any CPU
		{4418FF63-756D-48E2-A2A3-14457BA824B2}.Ad-Hoc|iPhoneSimulator.Build.0 = Release|Any CPU
		{4418FF63-756D-48E2-A2A3-14457BA824B2}.Ad-Hoc|iPhoneSimulator.Deploy.0 = Release|Any CPU
		{4418FF63-756D-48E2-A2A3-14457BA824B2}.Ad-Hoc|x64.ActiveCfg = Release|Any CPU
		{4418FF63-756D-48E2-A2A3-14457BA824B2}.Ad-Hoc|x64.Build.0 = Release|Any CPU
		{4418FF63-756D-48E2-A2A3-14457BA824B2}.Ad-Hoc|x64.Deploy.0 = Release|Any CPU
		{4418FF63-756D-48E2-A2A3-14457BA824B2}.Ad-Hoc|x86.ActiveCfg = Release|Any CPU
		{4418FF63-756D-48E2-A2A3-14457BA824B2}.Ad-Hoc|x86.Build.0 = Release|Any CPU
		{4418FF63-756D-48E2-A2A3-14457BA824B2}.Ad-Hoc|x86.Deploy.0 = Release|Any CPU
		{4418FF63-756D-48E2-A2A3-14457BA824B2}.AppStore|Any CPU.ActiveCfg = Release|Any CPU
		{4418FF63-756D-48E2-A2A3-14457BA824B2}.AppStore|Any CPU.Build.0 = Release|Any CPU
		{4418FF63-756D-48E2-A2A3-14457BA824B2}.AppStore|Any CPU.Deploy.0 = Release|Any CPU
		{4418FF63-756D-48E2-A2A3-14457BA824B2}.AppStore|ARM.ActiveCfg = Release|Any CPU
		{4418FF63-756D-48E2-A2A3-14457BA824B2}.AppStore|ARM.Build.0 = Release|Any CPU
		{4418FF63-756D-48E2-A2A3-14457BA824B2}.AppStore|ARM.Deploy.0 = Release|Any CPU
		{4418FF63-756D-48E2-A2A3-14457BA824B2}.AppStore|iPhone.ActiveCfg = Release|Any CPU
		{4418FF63-756D-48E2-A2A3-14457BA824B2}.AppStore|iPhone.Build.0 = Release|Any CPU
		{4418FF63-756D-48E2-A2A3-14457BA824B2}.AppStore|iPhone.Deploy.0 = Release|Any CPU
		{4418FF63-756D-48E2-A2A3-14457BA824B2}.AppStore|iPhoneSimulator.ActiveCfg = Release|Any CPU
		{4418FF63-756D-48E2-A2A3-14457BA824B2}.AppStore|iPhoneSimulator.Build.0 = Release|Any CPU
		{4418FF63-756D-48E2-A2A3-14457BA824B2}.AppStore|iPhoneSimulator.Deploy.0 = Release|Any CPU
		{4418FF63-756D-48E2-A2A3-14457BA824B2}.AppStore|x64.ActiveCfg = Release|Any CPU
		{4418FF63-756D-48E2-A2A3-14457BA824B2}.AppStore|x64.Build.0 = Release|Any CPU
		{4418FF63-756D-48E2-A2A3-14457BA824B2}.AppStore|x64.Deploy.0 = Release|Any CPU
		{4418FF63-756D-48E2-A2A3-14457BA824B2}.AppStore|x86.ActiveCfg = Release|Any CPU
		{4418FF63-756D-48E2-A2A3-14457BA824B2}.AppStore|x86.Build.0 = Release|Any CPU
		{4418FF63-756D-48E2-A2A3-14457BA824B2}.AppStore|x86.Deploy.0 = Release|Any CPU
		{4418FF63-756D-48E2-A2A3-14457BA824B2}.Debug|Any CPU.ActiveCfg = Debug|Any CPU
		{4418FF63-756D-48E2-A2A3-14457BA824B2}.Debug|Any CPU.Build.0 = Debug|Any CPU
		{4418FF63-756D-48E2-A2A3-14457BA824B2}.Debug|Any CPU.Deploy.0 = Debug|Any CPU
		{4418FF63-756D-48E2-A2A3-14457BA824B2}.Debug|ARM.ActiveCfg = Debug|Any CPU
		{4418FF63-756D-48E2-A2A3-14457BA824B2}.Debug|ARM.Build.0 = Debug|Any CPU
		{4418FF63-756D-48E2-A2A3-14457BA824B2}.Debug|ARM.Deploy.0 = Debug|Any CPU
		{4418FF63-756D-48E2-A2A3-14457BA824B2}.Debug|iPhone.ActiveCfg = Debug|Any CPU
		{4418FF63-756D-48E2-A2A3-14457BA824B2}.Debug|iPhone.Build.0 = Debug|Any CPU
		{4418FF63-756D-48E2-A2A3-14457BA824B2}.Debug|iPhone.Deploy.0 = Debug|Any CPU
		{4418FF63-756D-48E2-A2A3-14457BA824B2}.Debug|iPhoneSimulator.ActiveCfg = Debug|Any CPU
		{4418FF63-756D-48E2-A2A3-14457BA824B2}.Debug|iPhoneSimulator.Build.0 = Debug|Any CPU
		{4418FF63-756D-48E2-A2A3-14457BA824B2}.Debug|iPhoneSimulator.Deploy.0 = Debug|Any CPU
		{4418FF63-756D-48E2-A2A3-14457BA824B2}.Debug|x64.ActiveCfg = Debug|Any CPU
		{4418FF63-756D-48E2-A2A3-14457BA824B2}.Debug|x64.Build.0 = Debug|Any CPU
		{4418FF63-756D-48E2-A2A3-14457BA824B2}.Debug|x64.Deploy.0 = Debug|Any CPU
		{4418FF63-756D-48E2-A2A3-14457BA824B2}.Debug|x86.ActiveCfg = Debug|Any CPU
		{4418FF63-756D-48E2-A2A3-14457BA824B2}.Debug|x86.Build.0 = Debug|Any CPU
		{4418FF63-756D-48E2-A2A3-14457BA824B2}.Debug|x86.Deploy.0 = Debug|Any CPU
		{4418FF63-756D-48E2-A2A3-14457BA824B2}.Release|Any CPU.ActiveCfg = Release|Any CPU
		{4418FF63-756D-48E2-A2A3-14457BA824B2}.Release|Any CPU.Build.0 = Release|Any CPU
		{4418FF63-756D-48E2-A2A3-14457BA824B2}.Release|Any CPU.Deploy.0 = Release|Any CPU
		{4418FF63-756D-48E2-A2A3-14457BA824B2}.Release|ARM.ActiveCfg = Release|Any CPU
		{4418FF63-756D-48E2-A2A3-14457BA824B2}.Release|ARM.Build.0 = Release|Any CPU
		{4418FF63-756D-48E2-A2A3-14457BA824B2}.Release|ARM.Deploy.0 = Release|Any CPU
		{4418FF63-756D-48E2-A2A3-14457BA824B2}.Release|iPhone.ActiveCfg = Release|Any CPU
		{4418FF63-756D-48E2-A2A3-14457BA824B2}.Release|iPhone.Build.0 = Release|Any CPU
		{4418FF63-756D-48E2-A2A3-14457BA824B2}.Release|iPhone.Deploy.0 = Release|Any CPU
		{4418FF63-756D-48E2-A2A3-14457BA824B2}.Release|iPhoneSimulator.ActiveCfg = Release|Any CPU
		{4418FF63-756D-48E2-A2A3-14457BA824B2}.Release|iPhoneSimulator.Build.0 = Release|Any CPU
		{4418FF63-756D-48E2-A2A3-14457BA824B2}.Release|iPhoneSimulator.Deploy.0 = Release|Any CPU
		{4418FF63-756D-48E2-A2A3-14457BA824B2}.Release|x64.ActiveCfg = Release|Any CPU
		{4418FF63-756D-48E2-A2A3-14457BA824B2}.Release|x64.Build.0 = Release|Any CPU
		{4418FF63-756D-48E2-A2A3-14457BA824B2}.Release|x64.Deploy.0 = Release|Any CPU
		{4418FF63-756D-48E2-A2A3-14457BA824B2}.Release|x86.ActiveCfg = Release|Any CPU
		{4418FF63-756D-48E2-A2A3-14457BA824B2}.Release|x86.Build.0 = Release|Any CPU
		{4418FF63-756D-48E2-A2A3-14457BA824B2}.Release|x86.Deploy.0 = Release|Any CPU
		{FAC7F2B9-ED99-46F3-93F7-AD2636300933}.Ad-Hoc|Any CPU.ActiveCfg = Release|Any CPU
		{FAC7F2B9-ED99-46F3-93F7-AD2636300933}.Ad-Hoc|Any CPU.Build.0 = Release|Any CPU
		{FAC7F2B9-ED99-46F3-93F7-AD2636300933}.Ad-Hoc|ARM.ActiveCfg = Release|Any CPU
		{FAC7F2B9-ED99-46F3-93F7-AD2636300933}.Ad-Hoc|ARM.Build.0 = Release|Any CPU
		{FAC7F2B9-ED99-46F3-93F7-AD2636300933}.Ad-Hoc|iPhone.ActiveCfg = Release|Any CPU
		{FAC7F2B9-ED99-46F3-93F7-AD2636300933}.Ad-Hoc|iPhone.Build.0 = Release|Any CPU
		{FAC7F2B9-ED99-46F3-93F7-AD2636300933}.Ad-Hoc|iPhoneSimulator.ActiveCfg = Release|Any CPU
		{FAC7F2B9-ED99-46F3-93F7-AD2636300933}.Ad-Hoc|iPhoneSimulator.Build.0 = Release|Any CPU
		{FAC7F2B9-ED99-46F3-93F7-AD2636300933}.Ad-Hoc|x64.ActiveCfg = Release|Any CPU
		{FAC7F2B9-ED99-46F3-93F7-AD2636300933}.Ad-Hoc|x64.Build.0 = Release|Any CPU
		{FAC7F2B9-ED99-46F3-93F7-AD2636300933}.Ad-Hoc|x86.ActiveCfg = Release|Any CPU
		{FAC7F2B9-ED99-46F3-93F7-AD2636300933}.Ad-Hoc|x86.Build.0 = Release|Any CPU
		{FAC7F2B9-ED99-46F3-93F7-AD2636300933}.AppStore|Any CPU.ActiveCfg = Release|Any CPU
		{FAC7F2B9-ED99-46F3-93F7-AD2636300933}.AppStore|Any CPU.Build.0 = Release|Any CPU
		{FAC7F2B9-ED99-46F3-93F7-AD2636300933}.AppStore|ARM.ActiveCfg = Release|Any CPU
		{FAC7F2B9-ED99-46F3-93F7-AD2636300933}.AppStore|ARM.Build.0 = Release|Any CPU
		{FAC7F2B9-ED99-46F3-93F7-AD2636300933}.AppStore|iPhone.ActiveCfg = Release|Any CPU
		{FAC7F2B9-ED99-46F3-93F7-AD2636300933}.AppStore|iPhone.Build.0 = Release|Any CPU
		{FAC7F2B9-ED99-46F3-93F7-AD2636300933}.AppStore|iPhoneSimulator.ActiveCfg = Release|Any CPU
		{FAC7F2B9-ED99-46F3-93F7-AD2636300933}.AppStore|iPhoneSimulator.Build.0 = Release|Any CPU
		{FAC7F2B9-ED99-46F3-93F7-AD2636300933}.AppStore|x64.ActiveCfg = Release|Any CPU
		{FAC7F2B9-ED99-46F3-93F7-AD2636300933}.AppStore|x64.Build.0 = Release|Any CPU
		{FAC7F2B9-ED99-46F3-93F7-AD2636300933}.AppStore|x86.ActiveCfg = Release|Any CPU
		{FAC7F2B9-ED99-46F3-93F7-AD2636300933}.AppStore|x86.Build.0 = Release|Any CPU
		{FAC7F2B9-ED99-46F3-93F7-AD2636300933}.Debug|Any CPU.ActiveCfg = Debug|Any CPU
		{FAC7F2B9-ED99-46F3-93F7-AD2636300933}.Debug|Any CPU.Build.0 = Debug|Any CPU
		{FAC7F2B9-ED99-46F3-93F7-AD2636300933}.Debug|ARM.ActiveCfg = Debug|Any CPU
		{FAC7F2B9-ED99-46F3-93F7-AD2636300933}.Debug|ARM.Build.0 = Debug|Any CPU
		{FAC7F2B9-ED99-46F3-93F7-AD2636300933}.Debug|iPhone.ActiveCfg = Debug|Any CPU
		{FAC7F2B9-ED99-46F3-93F7-AD2636300933}.Debug|iPhone.Build.0 = Debug|Any CPU
		{FAC7F2B9-ED99-46F3-93F7-AD2636300933}.Debug|iPhoneSimulator.ActiveCfg = Debug|Any CPU
		{FAC7F2B9-ED99-46F3-93F7-AD2636300933}.Debug|iPhoneSimulator.Build.0 = Debug|Any CPU
		{FAC7F2B9-ED99-46F3-93F7-AD2636300933}.Debug|x64.ActiveCfg = Debug|Any CPU
		{FAC7F2B9-ED99-46F3-93F7-AD2636300933}.Debug|x64.Build.0 = Debug|Any CPU
		{FAC7F2B9-ED99-46F3-93F7-AD2636300933}.Debug|x86.ActiveCfg = Debug|Any CPU
		{FAC7F2B9-ED99-46F3-93F7-AD2636300933}.Debug|x86.Build.0 = Debug|Any CPU
		{FAC7F2B9-ED99-46F3-93F7-AD2636300933}.Release|Any CPU.ActiveCfg = Release|Any CPU
		{FAC7F2B9-ED99-46F3-93F7-AD2636300933}.Release|Any CPU.Build.0 = Release|Any CPU
		{FAC7F2B9-ED99-46F3-93F7-AD2636300933}.Release|ARM.ActiveCfg = Release|Any CPU
		{FAC7F2B9-ED99-46F3-93F7-AD2636300933}.Release|ARM.Build.0 = Release|Any CPU
		{FAC7F2B9-ED99-46F3-93F7-AD2636300933}.Release|iPhone.ActiveCfg = Release|Any CPU
		{FAC7F2B9-ED99-46F3-93F7-AD2636300933}.Release|iPhone.Build.0 = Release|Any CPU
		{FAC7F2B9-ED99-46F3-93F7-AD2636300933}.Release|iPhoneSimulator.ActiveCfg = Release|Any CPU
		{FAC7F2B9-ED99-46F3-93F7-AD2636300933}.Release|iPhoneSimulator.Build.0 = Release|Any CPU
		{FAC7F2B9-ED99-46F3-93F7-AD2636300933}.Release|x64.ActiveCfg = Release|Any CPU
		{FAC7F2B9-ED99-46F3-93F7-AD2636300933}.Release|x64.Build.0 = Release|Any CPU
		{FAC7F2B9-ED99-46F3-93F7-AD2636300933}.Release|x86.ActiveCfg = Release|Any CPU
		{FAC7F2B9-ED99-46F3-93F7-AD2636300933}.Release|x86.Build.0 = Release|Any CPU
		{F634B494-41F9-471D-8282-98AE30BA215B}.Ad-Hoc|Any CPU.ActiveCfg = Release|Any CPU
		{F634B494-41F9-471D-8282-98AE30BA215B}.Ad-Hoc|Any CPU.Build.0 = Release|Any CPU
		{F634B494-41F9-471D-8282-98AE30BA215B}.Ad-Hoc|Any CPU.Deploy.0 = Release|Any CPU
		{F634B494-41F9-471D-8282-98AE30BA215B}.Ad-Hoc|ARM.ActiveCfg = Release|Any CPU
		{F634B494-41F9-471D-8282-98AE30BA215B}.Ad-Hoc|ARM.Build.0 = Release|Any CPU
		{F634B494-41F9-471D-8282-98AE30BA215B}.Ad-Hoc|ARM.Deploy.0 = Release|Any CPU
		{F634B494-41F9-471D-8282-98AE30BA215B}.Ad-Hoc|iPhone.ActiveCfg = Release|Any CPU
		{F634B494-41F9-471D-8282-98AE30BA215B}.Ad-Hoc|iPhone.Build.0 = Release|Any CPU
		{F634B494-41F9-471D-8282-98AE30BA215B}.Ad-Hoc|iPhone.Deploy.0 = Release|Any CPU
		{F634B494-41F9-471D-8282-98AE30BA215B}.Ad-Hoc|iPhoneSimulator.ActiveCfg = Release|Any CPU
		{F634B494-41F9-471D-8282-98AE30BA215B}.Ad-Hoc|iPhoneSimulator.Build.0 = Release|Any CPU
		{F634B494-41F9-471D-8282-98AE30BA215B}.Ad-Hoc|iPhoneSimulator.Deploy.0 = Release|Any CPU
		{F634B494-41F9-471D-8282-98AE30BA215B}.Ad-Hoc|x64.ActiveCfg = Release|Any CPU
		{F634B494-41F9-471D-8282-98AE30BA215B}.Ad-Hoc|x64.Build.0 = Release|Any CPU
		{F634B494-41F9-471D-8282-98AE30BA215B}.Ad-Hoc|x64.Deploy.0 = Release|Any CPU
		{F634B494-41F9-471D-8282-98AE30BA215B}.Ad-Hoc|x86.ActiveCfg = Release|Any CPU
		{F634B494-41F9-471D-8282-98AE30BA215B}.Ad-Hoc|x86.Build.0 = Release|Any CPU
		{F634B494-41F9-471D-8282-98AE30BA215B}.Ad-Hoc|x86.Deploy.0 = Release|Any CPU
		{F634B494-41F9-471D-8282-98AE30BA215B}.AppStore|Any CPU.ActiveCfg = Release|Any CPU
		{F634B494-41F9-471D-8282-98AE30BA215B}.AppStore|Any CPU.Build.0 = Release|Any CPU
		{F634B494-41F9-471D-8282-98AE30BA215B}.AppStore|Any CPU.Deploy.0 = Release|Any CPU
		{F634B494-41F9-471D-8282-98AE30BA215B}.AppStore|ARM.ActiveCfg = Release|Any CPU
		{F634B494-41F9-471D-8282-98AE30BA215B}.AppStore|ARM.Build.0 = Release|Any CPU
		{F634B494-41F9-471D-8282-98AE30BA215B}.AppStore|ARM.Deploy.0 = Release|Any CPU
		{F634B494-41F9-471D-8282-98AE30BA215B}.AppStore|iPhone.ActiveCfg = Release|Any CPU
		{F634B494-41F9-471D-8282-98AE30BA215B}.AppStore|iPhone.Build.0 = Release|Any CPU
		{F634B494-41F9-471D-8282-98AE30BA215B}.AppStore|iPhone.Deploy.0 = Release|Any CPU
		{F634B494-41F9-471D-8282-98AE30BA215B}.AppStore|iPhoneSimulator.ActiveCfg = Release|Any CPU
		{F634B494-41F9-471D-8282-98AE30BA215B}.AppStore|iPhoneSimulator.Build.0 = Release|Any CPU
		{F634B494-41F9-471D-8282-98AE30BA215B}.AppStore|iPhoneSimulator.Deploy.0 = Release|Any CPU
		{F634B494-41F9-471D-8282-98AE30BA215B}.AppStore|x64.ActiveCfg = Release|Any CPU
		{F634B494-41F9-471D-8282-98AE30BA215B}.AppStore|x64.Build.0 = Release|Any CPU
		{F634B494-41F9-471D-8282-98AE30BA215B}.AppStore|x64.Deploy.0 = Release|Any CPU
		{F634B494-41F9-471D-8282-98AE30BA215B}.AppStore|x86.ActiveCfg = Release|Any CPU
		{F634B494-41F9-471D-8282-98AE30BA215B}.AppStore|x86.Build.0 = Release|Any CPU
		{F634B494-41F9-471D-8282-98AE30BA215B}.AppStore|x86.Deploy.0 = Release|Any CPU
		{F634B494-41F9-471D-8282-98AE30BA215B}.Debug|Any CPU.ActiveCfg = Debug|Any CPU
		{F634B494-41F9-471D-8282-98AE30BA215B}.Debug|Any CPU.Build.0 = Debug|Any CPU
		{F634B494-41F9-471D-8282-98AE30BA215B}.Debug|Any CPU.Deploy.0 = Debug|Any CPU
		{F634B494-41F9-471D-8282-98AE30BA215B}.Debug|ARM.ActiveCfg = Debug|Any CPU
		{F634B494-41F9-471D-8282-98AE30BA215B}.Debug|ARM.Build.0 = Debug|Any CPU
		{F634B494-41F9-471D-8282-98AE30BA215B}.Debug|ARM.Deploy.0 = Debug|Any CPU
		{F634B494-41F9-471D-8282-98AE30BA215B}.Debug|iPhone.ActiveCfg = Debug|Any CPU
		{F634B494-41F9-471D-8282-98AE30BA215B}.Debug|iPhone.Build.0 = Debug|Any CPU
		{F634B494-41F9-471D-8282-98AE30BA215B}.Debug|iPhone.Deploy.0 = Debug|Any CPU
		{F634B494-41F9-471D-8282-98AE30BA215B}.Debug|iPhoneSimulator.ActiveCfg = Debug|Any CPU
		{F634B494-41F9-471D-8282-98AE30BA215B}.Debug|iPhoneSimulator.Build.0 = Debug|Any CPU
		{F634B494-41F9-471D-8282-98AE30BA215B}.Debug|iPhoneSimulator.Deploy.0 = Debug|Any CPU
		{F634B494-41F9-471D-8282-98AE30BA215B}.Debug|x64.ActiveCfg = Debug|Any CPU
		{F634B494-41F9-471D-8282-98AE30BA215B}.Debug|x64.Build.0 = Debug|Any CPU
		{F634B494-41F9-471D-8282-98AE30BA215B}.Debug|x64.Deploy.0 = Debug|Any CPU
		{F634B494-41F9-471D-8282-98AE30BA215B}.Debug|x86.ActiveCfg = Debug|Any CPU
		{F634B494-41F9-471D-8282-98AE30BA215B}.Debug|x86.Build.0 = Debug|Any CPU
		{F634B494-41F9-471D-8282-98AE30BA215B}.Debug|x86.Deploy.0 = Debug|Any CPU
		{F634B494-41F9-471D-8282-98AE30BA215B}.Release|Any CPU.ActiveCfg = Release|Any CPU
		{F634B494-41F9-471D-8282-98AE30BA215B}.Release|Any CPU.Build.0 = Release|Any CPU
		{F634B494-41F9-471D-8282-98AE30BA215B}.Release|Any CPU.Deploy.0 = Release|Any CPU
		{F634B494-41F9-471D-8282-98AE30BA215B}.Release|ARM.ActiveCfg = Release|Any CPU
		{F634B494-41F9-471D-8282-98AE30BA215B}.Release|ARM.Build.0 = Release|Any CPU
		{F634B494-41F9-471D-8282-98AE30BA215B}.Release|ARM.Deploy.0 = Release|Any CPU
		{F634B494-41F9-471D-8282-98AE30BA215B}.Release|iPhone.ActiveCfg = Release|Any CPU
		{F634B494-41F9-471D-8282-98AE30BA215B}.Release|iPhone.Build.0 = Release|Any CPU
		{F634B494-41F9-471D-8282-98AE30BA215B}.Release|iPhone.Deploy.0 = Release|Any CPU
		{F634B494-41F9-471D-8282-98AE30BA215B}.Release|iPhoneSimulator.ActiveCfg = Release|Any CPU
		{F634B494-41F9-471D-8282-98AE30BA215B}.Release|iPhoneSimulator.Build.0 = Release|Any CPU
		{F634B494-41F9-471D-8282-98AE30BA215B}.Release|iPhoneSimulator.Deploy.0 = Release|Any CPU
		{F634B494-41F9-471D-8282-98AE30BA215B}.Release|x64.ActiveCfg = Release|Any CPU
		{F634B494-41F9-471D-8282-98AE30BA215B}.Release|x64.Build.0 = Release|Any CPU
		{F634B494-41F9-471D-8282-98AE30BA215B}.Release|x64.Deploy.0 = Release|Any CPU
		{F634B494-41F9-471D-8282-98AE30BA215B}.Release|x86.ActiveCfg = Release|Any CPU
		{F634B494-41F9-471D-8282-98AE30BA215B}.Release|x86.Build.0 = Release|Any CPU
		{F634B494-41F9-471D-8282-98AE30BA215B}.Release|x86.Deploy.0 = Release|Any CPU
	EndGlobalSection
	GlobalSection(SolutionProperties) = preSolution
		HideSolutionNode = FALSE
	EndGlobalSection
	GlobalSection(ExtensibilityGlobals) = postSolution
		SolutionGuid = {4D7EA654-2FB0-4E02-AA0A-DE11641702D1}
	EndGlobalSection
EndGlobal
